// !$*UTF8*$!
{
	archiveVersion = 1;
	classes = {
	};
	objectVersion = 50;
	objects = {

/* Begin PBXBuildFile section */
		90CB7C862679A2F800E10C89 /* AppDelegate.swift in Sources */ = {isa = PBXBuildFile; fileRef = 90CB7C852679A2F800E10C89 /* AppDelegate.swift */; };
		90CB7C882679A2F800E10C89 /* SceneDelegate.swift in Sources */ = {isa = PBXBuildFile; fileRef = 90CB7C872679A2F800E10C89 /* SceneDelegate.swift */; };
		90CB7C8A2679A2F800E10C89 /* ViewController.swift in Sources */ = {isa = PBXBuildFile; fileRef = 90CB7C892679A2F800E10C89 /* ViewController.swift */; };
		90CB7C8D2679A2F800E10C89 /* Main.storyboard in Resources */ = {isa = PBXBuildFile; fileRef = 90CB7C8B2679A2F800E10C89 /* Main.storyboard */; };
		90CB7C902679A2F800E10C89 /* iBudget.xcdatamodeld in Sources */ = {isa = PBXBuildFile; fileRef = 90CB7C8E2679A2F800E10C89 /* iBudget.xcdatamodeld */; };
		90CB7C922679A2F900E10C89 /* Assets.xcassets in Resources */ = {isa = PBXBuildFile; fileRef = 90CB7C912679A2F900E10C89 /* Assets.xcassets */; };
		90CB7C952679A2F900E10C89 /* LaunchScreen.storyboard in Resources */ = {isa = PBXBuildFile; fileRef = 90CB7C932679A2F900E10C89 /* LaunchScreen.storyboard */; };
		90CB7CA02679A2F900E10C89 /* iBudgetTests.swift in Sources */ = {isa = PBXBuildFile; fileRef = 90CB7C9F2679A2F900E10C89 /* iBudgetTests.swift */; };
		90CB7CAB2679A2F900E10C89 /* iBudgetUITests.swift in Sources */ = {isa = PBXBuildFile; fileRef = 90CB7CAA2679A2F900E10C89 /* iBudgetUITests.swift */; };
/* End PBXBuildFile section */

/* Begin PBXContainerItemProxy section */
		90CB7C9C2679A2F900E10C89 /* PBXContainerItemProxy */ = {
			isa = PBXContainerItemProxy;
			containerPortal = 90CB7C7A2679A2F800E10C89 /* Project object */;
			proxyType = 1;
			remoteGlobalIDString = 90CB7C812679A2F800E10C89;
			remoteInfo = iBudget;
		};
		90CB7CA72679A2F900E10C89 /* PBXContainerItemProxy */ = {
			isa = PBXContainerItemProxy;
			containerPortal = 90CB7C7A2679A2F800E10C89 /* Project object */;
			proxyType = 1;
			remoteGlobalIDString = 90CB7C812679A2F800E10C89;
			remoteInfo = iBudget;
		};
/* End PBXContainerItemProxy section */

/* Begin PBXFileReference section */
		90CB7C822679A2F800E10C89 /* iBudget.app */ = {isa = PBXFileReference; explicitFileType = wrapper.application; includeInIndex = 0; path = iBudget.app; sourceTree = BUILT_PRODUCTS_DIR; };
		90CB7C852679A2F800E10C89 /* AppDelegate.swift */ = {isa = PBXFileReference; lastKnownFileType = sourcecode.swift; path = AppDelegate.swift; sourceTree = "<group>"; };
		90CB7C872679A2F800E10C89 /* SceneDelegate.swift */ = {isa = PBXFileReference; lastKnownFileType = sourcecode.swift; path = SceneDelegate.swift; sourceTree = "<group>"; };
		90CB7C892679A2F800E10C89 /* ViewController.swift */ = {isa = PBXFileReference; lastKnownFileType = sourcecode.swift; path = ViewController.swift; sourceTree = "<group>"; };
		90CB7C8C2679A2F800E10C89 /* Base */ = {isa = PBXFileReference; lastKnownFileType = file.storyboard; name = Base; path = Base.lproj/Main.storyboard; sourceTree = "<group>"; };
		90CB7C8F2679A2F800E10C89 /* iBudget.xcdatamodel */ = {isa = PBXFileReference; lastKnownFileType = wrapper.xcdatamodel; path = iBudget.xcdatamodel; sourceTree = "<group>"; };
		90CB7C912679A2F900E10C89 /* Assets.xcassets */ = {isa = PBXFileReference; lastKnownFileType = folder.assetcatalog; path = Assets.xcassets; sourceTree = "<group>"; };
		90CB7C942679A2F900E10C89 /* Base */ = {isa = PBXFileReference; lastKnownFileType = file.storyboard; name = Base; path = Base.lproj/LaunchScreen.storyboard; sourceTree = "<group>"; };
		90CB7C962679A2F900E10C89 /* Info.plist */ = {isa = PBXFileReference; lastKnownFileType = text.plist.xml; path = Info.plist; sourceTree = "<group>"; };
		90CB7C9B2679A2F900E10C89 /* iBudgetTests.xctest */ = {isa = PBXFileReference; explicitFileType = wrapper.cfbundle; includeInIndex = 0; path = iBudgetTests.xctest; sourceTree = BUILT_PRODUCTS_DIR; };
		90CB7C9F2679A2F900E10C89 /* iBudgetTests.swift */ = {isa = PBXFileReference; lastKnownFileType = sourcecode.swift; path = iBudgetTests.swift; sourceTree = "<group>"; };
		90CB7CA12679A2F900E10C89 /* Info.plist */ = {isa = PBXFileReference; lastKnownFileType = text.plist.xml; path = Info.plist; sourceTree = "<group>"; };
		90CB7CA62679A2F900E10C89 /* iBudgetUITests.xctest */ = {isa = PBXFileReference; explicitFileType = wrapper.cfbundle; includeInIndex = 0; path = iBudgetUITests.xctest; sourceTree = BUILT_PRODUCTS_DIR; };
		90CB7CAA2679A2F900E10C89 /* iBudgetUITests.swift */ = {isa = PBXFileReference; lastKnownFileType = sourcecode.swift; path = iBudgetUITests.swift; sourceTree = "<group>"; };
		90CB7CAC2679A2F900E10C89 /* Info.plist */ = {isa = PBXFileReference; lastKnownFileType = text.plist.xml; path = Info.plist; sourceTree = "<group>"; };
/* End PBXFileReference section */

/* Begin PBXFrameworksBuildPhase section */
		90CB7C7F2679A2F800E10C89 /* Frameworks */ = {
			isa = PBXFrameworksBuildPhase;
			buildActionMask = 2147483647;
			files = (
			);
			runOnlyForDeploymentPostprocessing = 0;
		};
		90CB7C982679A2F900E10C89 /* Frameworks */ = {
			isa = PBXFrameworksBuildPhase;
			buildActionMask = 2147483647;
			files = (
			);
			runOnlyForDeploymentPostprocessing = 0;
		};
		90CB7CA32679A2F900E10C89 /* Frameworks */ = {
			isa = PBXFrameworksBuildPhase;
			buildActionMask = 2147483647;
			files = (
			);
			runOnlyForDeploymentPostprocessing = 0;
		};
/* End PBXFrameworksBuildPhase section */

/* Begin PBXGroup section */
		90CB7C792679A2F800E10C89 = {
			isa = PBXGroup;
			children = (
				90CB7C842679A2F800E10C89 /* iBudget */,
				90CB7C9E2679A2F900E10C89 /* iBudgetTests */,
				90CB7CA92679A2F900E10C89 /* iBudgetUITests */,
				90CB7C832679A2F800E10C89 /* Products */,
			);
			sourceTree = "<group>";
		};
		90CB7C832679A2F800E10C89 /* Products */ = {
			isa = PBXGroup;
			children = (
				90CB7C822679A2F800E10C89 /* iBudget.app */,
				90CB7C9B2679A2F900E10C89 /* iBudgetTests.xctest */,
				90CB7CA62679A2F900E10C89 /* iBudgetUITests.xctest */,
			);
			name = Products;
			sourceTree = "<group>";
		};
		90CB7C842679A2F800E10C89 /* iBudget */ = {
			isa = PBXGroup;
			children = (
				90CB7C852679A2F800E10C89 /* AppDelegate.swift */,
				90CB7C872679A2F800E10C89 /* SceneDelegate.swift */,
				90CB7C892679A2F800E10C89 /* ViewController.swift */,
				90CB7C8B2679A2F800E10C89 /* Main.storyboard */,
				90CB7C912679A2F900E10C89 /* Assets.xcassets */,
				90CB7C932679A2F900E10C89 /* LaunchScreen.storyboard */,
				90CB7C962679A2F900E10C89 /* Info.plist */,
				90CB7C8E2679A2F800E10C89 /* iBudget.xcdatamodeld */,
			);
			path = iBudget;
			sourceTree = "<group>";
		};
		90CB7C9E2679A2F900E10C89 /* iBudgetTests */ = {
			isa = PBXGroup;
			children = (
				90CB7C9F2679A2F900E10C89 /* iBudgetTests.swift */,
				90CB7CA12679A2F900E10C89 /* Info.plist */,
			);
			path = iBudgetTests;
			sourceTree = "<group>";
		};
		90CB7CA92679A2F900E10C89 /* iBudgetUITests */ = {
			isa = PBXGroup;
			children = (
				90CB7CAA2679A2F900E10C89 /* iBudgetUITests.swift */,
				90CB7CAC2679A2F900E10C89 /* Info.plist */,
			);
			path = iBudgetUITests;
			sourceTree = "<group>";
		};
/* End PBXGroup section */

/* Begin PBXNativeTarget section */
		90CB7C812679A2F800E10C89 /* iBudget */ = {
			isa = PBXNativeTarget;
			buildConfigurationList = 90CB7CAF2679A2F900E10C89 /* Build configuration list for PBXNativeTarget "iBudget" */;
			buildPhases = (
				90CB7C7E2679A2F800E10C89 /* Sources */,
				90CB7C7F2679A2F800E10C89 /* Frameworks */,
				90CB7C802679A2F800E10C89 /* Resources */,
			);
			buildRules = (
			);
			dependencies = (
			);
			name = iBudget;
			productName = iBudget;
			productReference = 90CB7C822679A2F800E10C89 /* iBudget.app */;
			productType = "com.apple.product-type.application";
		};
		90CB7C9A2679A2F900E10C89 /* iBudgetTests */ = {
			isa = PBXNativeTarget;
			buildConfigurationList = 90CB7CB22679A2F900E10C89 /* Build configuration list for PBXNativeTarget "iBudgetTests" */;
			buildPhases = (
				90CB7C972679A2F900E10C89 /* Sources */,
				90CB7C982679A2F900E10C89 /* Frameworks */,
				90CB7C992679A2F900E10C89 /* Resources */,
			);
			buildRules = (
			);
			dependencies = (
				90CB7C9D2679A2F900E10C89 /* PBXTargetDependency */,
			);
			name = iBudgetTests;
			productName = iBudgetTests;
			productReference = 90CB7C9B2679A2F900E10C89 /* iBudgetTests.xctest */;
			productType = "com.apple.product-type.bundle.unit-test";
		};
		90CB7CA52679A2F900E10C89 /* iBudgetUITests */ = {
			isa = PBXNativeTarget;
			buildConfigurationList = 90CB7CB52679A2F900E10C89 /* Build configuration list for PBXNativeTarget "iBudgetUITests" */;
			buildPhases = (
				90CB7CA22679A2F900E10C89 /* Sources */,
				90CB7CA32679A2F900E10C89 /* Frameworks */,
				90CB7CA42679A2F900E10C89 /* Resources */,
			);
			buildRules = (
			);
			dependencies = (
				90CB7CA82679A2F900E10C89 /* PBXTargetDependency */,
			);
			name = iBudgetUITests;
			productName = iBudgetUITests;
			productReference = 90CB7CA62679A2F900E10C89 /* iBudgetUITests.xctest */;
			productType = "com.apple.product-type.bundle.ui-testing";
		};
/* End PBXNativeTarget section */

/* Begin PBXProject section */
		90CB7C7A2679A2F800E10C89 /* Project object */ = {
			isa = PBXProject;
			attributes = {
				LastSwiftUpdateCheck = 1250;
				LastUpgradeCheck = 1250;
				TargetAttributes = {
					90CB7C812679A2F800E10C89 = {
						CreatedOnToolsVersion = 12.5;
					};
					90CB7C9A2679A2F900E10C89 = {
						CreatedOnToolsVersion = 12.5;
						TestTargetID = 90CB7C812679A2F800E10C89;
					};
					90CB7CA52679A2F900E10C89 = {
						CreatedOnToolsVersion = 12.5;
						TestTargetID = 90CB7C812679A2F800E10C89;
					};
				};
			};
			buildConfigurationList = 90CB7C7D2679A2F800E10C89 /* Build configuration list for PBXProject "iBudget" */;
			compatibilityVersion = "Xcode 9.3";
			developmentRegion = en;
			hasScannedForEncodings = 0;
			knownRegions = (
				en,
				Base,
			);
			mainGroup = 90CB7C792679A2F800E10C89;
			productRefGroup = 90CB7C832679A2F800E10C89 /* Products */;
			projectDirPath = "";
			projectRoot = "";
			targets = (
				90CB7C812679A2F800E10C89 /* iBudget */,
				90CB7C9A2679A2F900E10C89 /* iBudgetTests */,
				90CB7CA52679A2F900E10C89 /* iBudgetUITests */,
			);
		};
/* End PBXProject section */

/* Begin PBXResourcesBuildPhase section */
		90CB7C802679A2F800E10C89 /* Resources */ = {
			isa = PBXResourcesBuildPhase;
			buildActionMask = 2147483647;
			files = (
				90CB7C952679A2F900E10C89 /* LaunchScreen.storyboard in Resources */,
				90CB7C922679A2F900E10C89 /* Assets.xcassets in Resources */,
				90CB7C8D2679A2F800E10C89 /* Main.storyboard in Resources */,
			);
			runOnlyForDeploymentPostprocessing = 0;
		};
		90CB7C992679A2F900E10C89 /* Resources */ = {
			isa = PBXResourcesBuildPhase;
			buildActionMask = 2147483647;
			files = (
			);
			runOnlyForDeploymentPostprocessing = 0;
		};
		90CB7CA42679A2F900E10C89 /* Resources */ = {
			isa = PBXResourcesBuildPhase;
			buildActionMask = 2147483647;
			files = (
			);
			runOnlyForDeploymentPostprocessing = 0;
		};
/* End PBXResourcesBuildPhase section */

/* Begin PBXSourcesBuildPhase section */
		90CB7C7E2679A2F800E10C89 /* Sources */ = {
			isa = PBXSourcesBuildPhase;
			buildActionMask = 2147483647;
			files = (
				90CB7C902679A2F800E10C89 /* iBudget.xcdatamodeld in Sources */,
				90CB7C8A2679A2F800E10C89 /* ViewController.swift in Sources */,
				90CB7C862679A2F800E10C89 /* AppDelegate.swift in Sources */,
				90CB7C882679A2F800E10C89 /* SceneDelegate.swift in Sources */,
			);
			runOnlyForDeploymentPostprocessing = 0;
		};
		90CB7C972679A2F900E10C89 /* Sources */ = {
			isa = PBXSourcesBuildPhase;
			buildActionMask = 2147483647;
			files = (
				90CB7CA02679A2F900E10C89 /* iBudgetTests.swift in Sources */,
			);
			runOnlyForDeploymentPostprocessing = 0;
		};
		90CB7CA22679A2F900E10C89 /* Sources */ = {
			isa = PBXSourcesBuildPhase;
			buildActionMask = 2147483647;
			files = (
				90CB7CAB2679A2F900E10C89 /* iBudgetUITests.swift in Sources */,
			);
			runOnlyForDeploymentPostprocessing = 0;
		};
/* End PBXSourcesBuildPhase section */

/* Begin PBXTargetDependency section */
		90CB7C9D2679A2F900E10C89 /* PBXTargetDependency */ = {
			isa = PBXTargetDependency;
			target = 90CB7C812679A2F800E10C89 /* iBudget */;
			targetProxy = 90CB7C9C2679A2F900E10C89 /* PBXContainerItemProxy */;
		};
		90CB7CA82679A2F900E10C89 /* PBXTargetDependency */ = {
			isa = PBXTargetDependency;
			target = 90CB7C812679A2F800E10C89 /* iBudget */;
			targetProxy = 90CB7CA72679A2F900E10C89 /* PBXContainerItemProxy */;
		};
/* End PBXTargetDependency section */

/* Begin PBXVariantGroup section */
		90CB7C8B2679A2F800E10C89 /* Main.storyboard */ = {
			isa = PBXVariantGroup;
			children = (
				90CB7C8C2679A2F800E10C89 /* Base */,
			);
			name = Main.storyboard;
			sourceTree = "<group>";
		};
		90CB7C932679A2F900E10C89 /* LaunchScreen.storyboard */ = {
			isa = PBXVariantGroup;
			children = (
				90CB7C942679A2F900E10C89 /* Base */,
			);
			name = LaunchScreen.storyboard;
			sourceTree = "<group>";
		};
/* End PBXVariantGroup section */

/* Begin XCBuildConfiguration section */
		90CB7CAD2679A2F900E10C89 /* Debug */ = {
			isa = XCBuildConfiguration;
			buildSettings = {
				ALWAYS_SEARCH_USER_PATHS = NO;
				CLANG_ANALYZER_NONNULL = YES;
				CLANG_ANALYZER_NUMBER_OBJECT_CONVERSION = YES_AGGRESSIVE;
				CLANG_CXX_LANGUAGE_STANDARD = "gnu++14";
				CLANG_CXX_LIBRARY = "libc++";
				CLANG_ENABLE_MODULES = YES;
				CLANG_ENABLE_OBJC_ARC = YES;
				CLANG_ENABLE_OBJC_WEAK = YES;
				CLANG_WARN_BLOCK_CAPTURE_AUTORELEASING = YES;
				CLANG_WARN_BOOL_CONVERSION = YES;
				CLANG_WARN_COMMA = YES;
				CLANG_WARN_CONSTANT_CONVERSION = YES;
				CLANG_WARN_DEPRECATED_OBJC_IMPLEMENTATIONS = YES;
				CLANG_WARN_DIRECT_OBJC_ISA_USAGE = YES_ERROR;
				CLANG_WARN_DOCUMENTATION_COMMENTS = YES;
				CLANG_WARN_EMPTY_BODY = YES;
				CLANG_WARN_ENUM_CONVERSION = YES;
				CLANG_WARN_INFINITE_RECURSION = YES;
				CLANG_WARN_INT_CONVERSION = YES;
				CLANG_WARN_NON_LITERAL_NULL_CONVERSION = YES;
				CLANG_WARN_OBJC_IMPLICIT_RETAIN_SELF = YES;
				CLANG_WARN_OBJC_LITERAL_CONVERSION = YES;
				CLANG_WARN_OBJC_ROOT_CLASS = YES_ERROR;
				CLANG_WARN_QUOTED_INCLUDE_IN_FRAMEWORK_HEADER = YES;
				CLANG_WARN_RANGE_LOOP_ANALYSIS = YES;
				CLANG_WARN_STRICT_PROTOTYPES = YES;
				CLANG_WARN_SUSPICIOUS_MOVE = YES;
				CLANG_WARN_UNGUARDED_AVAILABILITY = YES_AGGRESSIVE;
				CLANG_WARN_UNREACHABLE_CODE = YES;
				CLANG_WARN__DUPLICATE_METHOD_MATCH = YES;
				COPY_PHASE_STRIP = NO;
				DEBUG_INFORMATION_FORMAT = dwarf;
				ENABLE_STRICT_OBJC_MSGSEND = YES;
				ENABLE_TESTABILITY = YES;
				GCC_C_LANGUAGE_STANDARD = gnu11;
				GCC_DYNAMIC_NO_PIC = NO;
				GCC_NO_COMMON_BLOCKS = YES;
				GCC_OPTIMIZATION_LEVEL = 0;
				GCC_PREPROCESSOR_DEFINITIONS = (
					"DEBUG=1",
					"$(inherited)",
				);
				GCC_WARN_64_TO_32_BIT_CONVERSION = YES;
				GCC_WARN_ABOUT_RETURN_TYPE = YES_ERROR;
				GCC_WARN_UNDECLARED_SELECTOR = YES;
				GCC_WARN_UNINITIALIZED_AUTOS = YES_AGGRESSIVE;
				GCC_WARN_UNUSED_FUNCTION = YES;
				GCC_WARN_UNUSED_VARIABLE = YES;
				IPHONEOS_DEPLOYMENT_TARGET = 14.5;
				MTL_ENABLE_DEBUG_INFO = INCLUDE_SOURCE;
				MTL_FAST_MATH = YES;
				ONLY_ACTIVE_ARCH = YES;
				SDKROOT = iphoneos;
				SWIFT_ACTIVE_COMPILATION_CONDITIONS = DEBUG;
				SWIFT_OPTIMIZATION_LEVEL = "-Onone";
			};
			name = Debug;
		};
		90CB7CAE2679A2F900E10C89 /* Release */ = {
			isa = XCBuildConfiguration;
			buildSettings = {
				ALWAYS_SEARCH_USER_PATHS = NO;
				CLANG_ANALYZER_NONNULL = YES;
				CLANG_ANALYZER_NUMBER_OBJECT_CONVERSION = YES_AGGRESSIVE;
				CLANG_CXX_LANGUAGE_STANDARD = "gnu++14";
				CLANG_CXX_LIBRARY = "libc++";
				CLANG_ENABLE_MODULES = YES;
				CLANG_ENABLE_OBJC_ARC = YES;
				CLANG_ENABLE_OBJC_WEAK = YES;
				CLANG_WARN_BLOCK_CAPTURE_AUTORELEASING = YES;
				CLANG_WARN_BOOL_CONVERSION = YES;
				CLANG_WARN_COMMA = YES;
				CLANG_WARN_CONSTANT_CONVERSION = YES;
				CLANG_WARN_DEPRECATED_OBJC_IMPLEMENTATIONS = YES;
				CLANG_WARN_DIRECT_OBJC_ISA_USAGE = YES_ERROR;
				CLANG_WARN_DOCUMENTATION_COMMENTS = YES;
				CLANG_WARN_EMPTY_BODY = YES;
				CLANG_WARN_ENUM_CONVERSION = YES;
				CLANG_WARN_INFINITE_RECURSION = YES;
				CLANG_WARN_INT_CONVERSION = YES;
				CLANG_WARN_NON_LITERAL_NULL_CONVERSION = YES;
				CLANG_WARN_OBJC_IMPLICIT_RETAIN_SELF = YES;
				CLANG_WARN_OBJC_LITERAL_CONVERSION = YES;
				CLANG_WARN_OBJC_ROOT_CLASS = YES_ERROR;
				CLANG_WARN_QUOTED_INCLUDE_IN_FRAMEWORK_HEADER = YES;
				CLANG_WARN_RANGE_LOOP_ANALYSIS = YES;
				CLANG_WARN_STRICT_PROTOTYPES = YES;
				CLANG_WARN_SUSPICIOUS_MOVE = YES;
				CLANG_WARN_UNGUARDED_AVAILABILITY = YES_AGGRESSIVE;
				CLANG_WARN_UNREACHABLE_CODE = YES;
				CLANG_WARN__DUPLICATE_METHOD_MATCH = YES;
				COPY_PHASE_STRIP = NO;
				DEBUG_INFORMATION_FORMAT = "dwarf-with-dsym";
				ENABLE_NS_ASSERTIONS = NO;
				ENABLE_STRICT_OBJC_MSGSEND = YES;
				GCC_C_LANGUAGE_STANDARD = gnu11;
				GCC_NO_COMMON_BLOCKS = YES;
				GCC_WARN_64_TO_32_BIT_CONVERSION = YES;
				GCC_WARN_ABOUT_RETURN_TYPE = YES_ERROR;
				GCC_WARN_UNDECLARED_SELECTOR = YES;
				GCC_WARN_UNINITIALIZED_AUTOS = YES_AGGRESSIVE;
				GCC_WARN_UNUSED_FUNCTION = YES;
				GCC_WARN_UNUSED_VARIABLE = YES;
				IPHONEOS_DEPLOYMENT_TARGET = 14.5;
				MTL_ENABLE_DEBUG_INFO = NO;
				MTL_FAST_MATH = YES;
				SDKROOT = iphoneos;
				SWIFT_COMPILATION_MODE = wholemodule;
				SWIFT_OPTIMIZATION_LEVEL = "-O";
				VALIDATE_PRODUCT = YES;
			};
			name = Release;
		};
		90CB7CB02679A2F900E10C89 /* Debug */ = {
			isa = XCBuildConfiguration;
			buildSettings = {
				ASSETCATALOG_COMPILER_APPICON_NAME = AppIcon;
				ASSETCATALOG_COMPILER_GLOBAL_ACCENT_COLOR_NAME = AccentColor;
				CODE_SIGN_STYLE = Automatic;
				DEVELOPMENT_TEAM = XBNGPCQY3Y;
				INFOPLIST_FILE = iBudget/Info.plist;
				LD_RUNPATH_SEARCH_PATHS = (
					"$(inherited)",
					"@executable_path/Frameworks",
				);
				PRODUCT_BUNDLE_IDENTIFIER = "il.infinite-learning.iBudget";
				PRODUCT_NAME = "$(TARGET_NAME)";
				SWIFT_VERSION = 5.0;
				TARGETED_DEVICE_FAMILY = "1,2";
			};
			name = Debug;
		};
		90CB7CB12679A2F900E10C89 /* Release */ = {
			isa = XCBuildConfiguration;
			buildSettings = {
				ASSETCATALOG_COMPILER_APPICON_NAME = AppIcon;
				ASSETCATALOG_COMPILER_GLOBAL_ACCENT_COLOR_NAME = AccentColor;
				CODE_SIGN_STYLE = Automatic;
				DEVELOPMENT_TEAM = XBNGPCQY3Y;
				INFOPLIST_FILE = iBudget/Info.plist;
				LD_RUNPATH_SEARCH_PATHS = (
					"$(inherited)",
					"@executable_path/Frameworks",
				);
				PRODUCT_BUNDLE_IDENTIFIER = "il.infinite-learning.iBudget";
				PRODUCT_NAME = "$(TARGET_NAME)";
				SWIFT_VERSION = 5.0;
				TARGETED_DEVICE_FAMILY = "1,2";
			};
			name = Release;
		};
		90CB7CB32679A2F900E10C89 /* Debug */ = {
			isa = XCBuildConfiguration;
			buildSettings = {
				ALWAYS_EMBED_SWIFT_STANDARD_LIBRARIES = YES;
				BUNDLE_LOADER = "$(TEST_HOST)";
				CODE_SIGN_STYLE = Automatic;
				DEVELOPMENT_TEAM = XBNGPCQY3Y;
				INFOPLIST_FILE = iBudgetTests/Info.plist;
				IPHONEOS_DEPLOYMENT_TARGET = 14.5;
				LD_RUNPATH_SEARCH_PATHS = (
					"$(inherited)",
					"@executable_path/Frameworks",
					"@loader_path/Frameworks",
				);
				PRODUCT_BUNDLE_IDENTIFIER = "il.infinite-learning.iBudgetTests";
				PRODUCT_NAME = "$(TARGET_NAME)";
				SWIFT_VERSION = 5.0;
				TARGETED_DEVICE_FAMILY = "1,2";
				TEST_HOST = "$(BUILT_PRODUCTS_DIR)/iBudget.app/iBudget";
			};
			name = Debug;
		};
		90CB7CB42679A2F900E10C89 /* Release */ = {
			isa = XCBuildConfiguration;
			buildSettings = {
				ALWAYS_EMBED_SWIFT_STANDARD_LIBRARIES = YES;
				BUNDLE_LOADER = "$(TEST_HOST)";
				CODE_SIGN_STYLE = Automatic;
				DEVELOPMENT_TEAM = XBNGPCQY3Y;
				INFOPLIST_FILE = iBudgetTests/Info.plist;
				IPHONEOS_DEPLOYMENT_TARGET = 14.5;
				LD_RUNPATH_SEARCH_PATHS = (
					"$(inherited)",
					"@executable_path/Frameworks",
					"@loader_path/Frameworks",
				);
				PRODUCT_BUNDLE_IDENTIFIER = "il.infinite-learning.iBudgetTests";
				PRODUCT_NAME = "$(TARGET_NAME)";
				SWIFT_VERSION = 5.0;
				TARGETED_DEVICE_FAMILY = "1,2";
				TEST_HOST = "$(BUILT_PRODUCTS_DIR)/iBudget.app/iBudget";
			};
			name = Release;
		};
		90CB7CB62679A2F900E10C89 /* Debug */ = {
			isa = XCBuildConfiguration;
			buildSettings = {
				ALWAYS_EMBED_SWIFT_STANDARD_LIBRARIES = YES;
				CODE_SIGN_STYLE = Automatic;
				DEVELOPMENT_TEAM = XBNGPCQY3Y;
				INFOPLIST_FILE = iBudgetUITests/Info.plist;
				LD_RUNPATH_SEARCH_PATHS = (
					"$(inherited)",
					"@executable_path/Frameworks",
					"@loader_path/Frameworks",
				);
				PRODUCT_BUNDLE_IDENTIFIER = "il.infinite-learning.iBudgetUITests";
				PRODUCT_NAME = "$(TARGET_NAME)";
				SWIFT_VERSION = 5.0;
				TARGETED_DEVICE_FAMILY = "1,2";
				TEST_TARGET_NAME = iBudget;
			};
			name = Debug;
		};
		90CB7CB72679A2F900E10C89 /* Release */ = {
			isa = XCBuildConfiguration;
			buildSettings = {
				ALWAYS_EMBED_SWIFT_STANDARD_LIBRARIES = YES;
				CODE_SIGN_STYLE = Automatic;
				DEVELOPMENT_TEAM = XBNGPCQY3Y;
				INFOPLIST_FILE = iBudgetUITests/Info.plist;
				LD_RUNPATH_SEARCH_PATHS = (
					"$(inherited)",
					"@executable_path/Frameworks",
					"@loader_path/Frameworks",
				);
				PRODUCT_BUNDLE_IDENTIFIER = "il.infinite-learning.iBudgetUITests";
				PRODUCT_NAME = "$(TARGET_NAME)";
				SWIFT_VERSION = 5.0;
				TARGETED_DEVICE_FAMILY = "1,2";
				TEST_TARGET_NAME = iBudget;
			};
			name = Release;
		};
/* End XCBuildConfiguration section */

/* Begin XCConfigurationList section */
		90CB7C7D2679A2F800E10C89 /* Build configuration list for PBXProject "iBudget" */ = {
			isa = XCConfigurationList;
			buildConfigurations = (
				90CB7CAD2679A2F900E10C89 /* Debug */,
				90CB7CAE2679A2F900E10C89 /* Release */,
			);
			defaultConfigurationIsVisible = 0;
			defaultConfigurationName = Release;
		};
		90CB7CAF2679A2F900E10C89 /* Build configuration list for PBXNativeTarget "iBudget" */ = {
			isa = XCConfigurationList;
			buildConfigurations = (
				90CB7CB02679A2F900E10C89 /* Debug */,
				90CB7CB12679A2F900E10C89 /* Release */,
			);
			defaultConfigurationIsVisible = 0;
			defaultConfigurationName = Release;
		};
		90CB7CB22679A2F900E10C89 /* Build configuration list for PBXNativeTarget "iBudgetTests" */ = {
			isa = XCConfigurationList;
			buildConfigurations = (
				90CB7CB32679A2F900E10C89 /* Debug */,
				90CB7CB42679A2F900E10C89 /* Release */,
			);
			defaultConfigurationIsVisible = 0;
			defaultConfigurationName = Release;
		};
		90CB7CB52679A2F900E10C89 /* Build configuration list for PBXNativeTarget "iBudgetUITests" */ = {
			isa = XCConfigurationList;
			buildConfigurations = (
				90CB7CB62679A2F900E10C89 /* Debug */,
				90CB7CB72679A2F900E10C89 /* Release */,
			);
			defaultConfigurationIsVisible = 0;
			defaultConfigurationName = Release;
		};
/* End XCConfigurationList section */

/* Begin XCVersionGroup section */
		90CB7C8E2679A2F800E10C89 /* iBudget.xcdatamodeld */ = {
			isa = XCVersionGroup;
			children = (
				90CB7C8F2679A2F800E10C89 /* iBudget.xcdatamodel */,
			);
			currentVersion = 90CB7C8F2679A2F800E10C89 /* iBudget.xcdatamodel */;
			path = iBudget.xcdatamodeld;
			sourceTree = "<group>";
			versionGroupType = wrapper.xcdatamodel;
		};
/* End XCVersionGroup section */
	};
	rootObject = 90CB7C7A2679A2F800E10C89 /* Project object */;
}
